
Microsoft Visual Studio Solution File, Format Version 12.00
# Visual Studio Version 16
VisualStudioVersion = 16.0.29324.140
MinimumVisualStudioVersion = 10.0.40219.1
Project("{FAE04EC0-301F-11D3-BF4B-00C04F79EFBC}") = "MoneyExchangeApp", "MoneyExchangeApp\MoneyExchangeApp.csproj", "{778B7F6F-356F-49C4-AF72-12AA8016C6D1}"
EndProject
Global
	GlobalSection(SolutionConfigurationPlatforms) = preSolution
		Debug|Any CPU = Debug|Any CPU
		Release|Any CPU = Release|Any CPU
	EndGlobalSection
	GlobalSection(ProjectConfigurationPlatforms) = postSolution
		{778B7F6F-356F-49C4-AF72-12AA8016C6D1}.Debug|Any CPU.ActiveCfg = Debug|Any CPU
		{778B7F6F-356F-49C4-AF72-12AA8016C6D1}.Debug|Any CPU.Build.0 = Debug|Any CPU
		{778B7F6F-356F-49C4-AF72-12AA8016C6D1}.Release|Any CPU.ActiveCfg = Release|Any CPU
		{778B7F6F-356F-49C4-AF72-12AA8016C6D1}.Release|Any CPU.Build.0 = Release|Any CPU
	EndGlobalSection
	GlobalSection(SolutionProperties) = preSolution
		HideSolutionNode = FALSE
	EndGlobalSection
	GlobalSection(ExtensibilityGlobals) = postSolution
		SolutionGuid = {4A2182FB-357B-458F-8A3D-C6C26D882278}
	EndGlobalSection
EndGlobal
